
Microsoft Visual Studio Solution File, Format Version 12.00
# Visual Studio Version 17
VisualStudioVersion = 17.12.35521.163
MinimumVisualStudioVersion = 10.0.40219.1
Project("{FAE04EC0-301F-11D3-BF4B-00C04F79EFBC}") = "CWDocMgr", "CWDocMgr\CWDocMgr.csproj", "{A8E31A5D-1A3E-44F6-9654-92780BE48F56}"
EndProject
Project("{FAE04EC0-301F-11D3-BF4B-00C04F79EFBC}") = "CWDocMgrTests", "CWDocMgrTests\CWDocMgrTests.csproj", "{56B381FC-4ACB-4D7D-A70B-DA5F838FD66A}"
EndProject
Project("{FAE04EC0-301F-11D3-BF4B-00C04F79EFBC}") = "DocMgrLib", "DocMgrLIb\DocMgrLib.csproj", "{BDEB95F6-98B7-4FBD-A56F-F10836B5208F}"
EndProject
Project("{FAE04EC0-301F-11D3-BF4B-00C04F79EFBC}") = "CWDocMgrApp", "CWDocMgrApp\CWDocMgrApp.csproj", "{708BC770-6D03-4579-BE64-3AEAC8586874}"
EndProject
Global
	GlobalSection(SolutionConfigurationPlatforms) = preSolution
		Debug|Any CPU = Debug|Any CPU
		Release|Any CPU = Release|Any CPU
	EndGlobalSection
	GlobalSection(ProjectConfigurationPlatforms) = postSolution
		{A8E31A5D-1A3E-44F6-9654-92780BE48F56}.Debug|Any CPU.ActiveCfg = Debug|Any CPU
		{A8E31A5D-1A3E-44F6-9654-92780BE48F56}.Debug|Any CPU.Build.0 = Debug|Any CPU
		{A8E31A5D-1A3E-44F6-9654-92780BE48F56}.Release|Any CPU.ActiveCfg = Release|Any CPU
		{A8E31A5D-1A3E-44F6-9654-92780BE48F56}.Release|Any CPU.Build.0 = Release|Any CPU
		{56B381FC-4ACB-4D7D-A70B-DA5F838FD66A}.Debug|Any CPU.ActiveCfg = Debug|Any CPU
		{56B381FC-4ACB-4D7D-A70B-DA5F838FD66A}.Debug|Any CPU.Build.0 = Debug|Any CPU
		{56B381FC-4ACB-4D7D-A70B-DA5F838FD66A}.Release|Any CPU.ActiveCfg = Release|Any CPU
		{56B381FC-4ACB-4D7D-A70B-DA5F838FD66A}.Release|Any CPU.Build.0 = Release|Any CPU
		{BDEB95F6-98B7-4FBD-A56F-F10836B5208F}.Debug|Any CPU.ActiveCfg = Debug|Any CPU
		{BDEB95F6-98B7-4FBD-A56F-F10836B5208F}.Debug|Any CPU.Build.0 = Debug|Any CPU
		{BDEB95F6-98B7-4FBD-A56F-F10836B5208F}.Release|Any CPU.ActiveCfg = Release|Any CPU
		{BDEB95F6-98B7-4FBD-A56F-F10836B5208F}.Release|Any CPU.Build.0 = Release|Any CPU
		{708BC770-6D03-4579-BE64-3AEAC8586874}.Debug|Any CPU.ActiveCfg = Debug|Any CPU
		{708BC770-6D03-4579-BE64-3AEAC8586874}.Debug|Any CPU.Build.0 = Debug|Any CPU
		{708BC770-6D03-4579-BE64-3AEAC8586874}.Release|Any CPU.ActiveCfg = Release|Any CPU
		{708BC770-6D03-4579-BE64-3AEAC8586874}.Release|Any CPU.Build.0 = Release|Any CPU
	EndGlobalSection
	GlobalSection(SolutionProperties) = preSolution
		HideSolutionNode = FALSE
	EndGlobalSection
EndGlobal
